
Microsoft Visual Studio Solution File, Format Version 12.00
# Visual Studio Version 16
VisualStudioVersion = 16.0.29911.84
MinimumVisualStudioVersion = 10.0.40219.1
Project("{8BC9CEB8-8B4A-11D0-8D11-00A0C91BC942}") = "cbascue.wk8.CIS170C.CP", "cbascue.wk8.CIS170C.CP\cbascue.wk8.CIS170C.CP.vcxproj", "{19C6F9EB-51B1-48BD-A75F-21A45A9523FE}"
EndProject
Global
	GlobalSection(SolutionConfigurationPlatforms) = preSolution
		Debug|x64 = Debug|x64
		Debug|x86 = Debug|x86
		Release|x64 = Release|x64
		Release|x86 = Release|x86
	EndGlobalSection
	GlobalSection(ProjectConfigurationPlatforms) = postSolution
		{19C6F9EB-51B1-48BD-A75F-21A45A9523FE}.Debug|x64.ActiveCfg = Debug|x64
		{19C6F9EB-51B1-48BD-A75F-21A45A9523FE}.Debug|x64.Build.0 = Debug|x64
		{19C6F9EB-51B1-48BD-A75F-21A45A9523FE}.Debug|x86.ActiveCfg = Debug|Win32
		{19C6F9EB-51B1-48BD-A75F-21A45A9523FE}.Debug|x86.Build.0 = Debug|Win32
		{19C6F9EB-51B1-48BD-A75F-21A45A9523FE}.Release|x64.ActiveCfg = Release|x64
		{19C6F9EB-51B1-48BD-A75F-21A45A9523FE}.Release|x64.Build.0 = Release|x64
		{19C6F9EB-51B1-48BD-A75F-21A45A9523FE}.Release|x86.ActiveCfg = Release|Win32
		{19C6F9EB-51B1-48BD-A75F-21A45A9523FE}.Release|x86.Build.0 = Release|Win32
	EndGlobalSection
	GlobalSection(SolutionProperties) = preSolution
		HideSolutionNode = FALSE
	EndGlobalSection
	GlobalSection(ExtensibilityGlobals) = postSolution
		SolutionGuid = {ADD4DED8-4EE0-48E2-914D-AE6A4A1FE759}
	EndGlobalSection
EndGlobal
